
Microsoft Visual Studio Solution File, Format Version 12.00
# Visual Studio Version 17
VisualStudioVersion = 17.3.32929.385
MinimumVisualStudioVersion = 10.0.40219.1
Project("{FAE04EC0-301F-11D3-BF4B-00C04F79EFBC}") = "SharpIcepick", "SharpIcepick.csproj", "{10F27532-622F-44C6-B65C-62F46D8A10D7}"
EndProject
Global
	GlobalSection(SolutionConfigurationPlatforms) = preSolution
		Debug|Any CPU = Debug|Any CPU
		Release|Any CPU = Release|Any CPU
	EndGlobalSection
	GlobalSection(ProjectConfigurationPlatforms) = postSolution
		{10F27532-622F-44C6-B65C-62F46D8A10D7}.Debug|Any CPU.ActiveCfg = Debug|Any CPU
		{10F27532-622F-44C6-B65C-62F46D8A10D7}.Debug|Any CPU.Build.0 = Debug|Any CPU
		{10F27532-622F-44C6-B65C-62F46D8A10D7}.Release|Any CPU.ActiveCfg = Release|Any CPU
		{10F27532-622F-44C6-B65C-62F46D8A10D7}.Release|Any CPU.Build.0 = Release|Any CPU
	EndGlobalSection
	GlobalSection(SolutionProperties) = preSolution
		HideSolutionNode = FALSE
	EndGlobalSection
	GlobalSection(ExtensibilityGlobals) = postSolution
		SolutionGuid = {7183705D-FF69-4F41-93DA-F487B9DE4ED1}
	EndGlobalSection
EndGlobal
